
Microsoft Visual Studio Solution File, Format Version 12.00
# Visual Studio 14
VisualStudioVersion = 14.0.25420.1
MinimumVisualStudioVersion = 10.0.40219.1
Project("{2150E333-8FDC-42A3-9474-1A3956D46DE8}") = "src", "src", "{D49BE6B3-473D-4E4D-883A-FF44FA2BD5EB}"
EndProject
Project("{2150E333-8FDC-42A3-9474-1A3956D46DE8}") = "Solution Items", "Solution Items", "{16D46DB2-19DB-459A-B0C9-AB9E2B1D7CAD}"
	ProjectSection(SolutionItems) = preProject
		global.json = global.json
	EndProjectSection
EndProject
Project("{8BB2217D-0F2D-49D1-97BC-3654ED321F3B}") = "LockExample", "src\LockExample\LockExample.xproj", "{57E4B7DF-95AB-4380-8E89-B9F56B1A7E2F}"
EndProject
Global
	GlobalSection(SolutionConfigurationPlatforms) = preSolution
		Debug|Any CPU = Debug|Any CPU
		Release|Any CPU = Release|Any CPU
	EndGlobalSection
	GlobalSection(ProjectConfigurationPlatforms) = postSolution
		{57E4B7DF-95AB-4380-8E89-B9F56B1A7E2F}.Debug|Any CPU.ActiveCfg = Debug|Any CPU
		{57E4B7DF-95AB-4380-8E89-B9F56B1A7E2F}.Debug|Any CPU.Build.0 = Debug|Any CPU
		{57E4B7DF-95AB-4380-8E89-B9F56B1A7E2F}.Release|Any CPU.ActiveCfg = Release|Any CPU
		{57E4B7DF-95AB-4380-8E89-B9F56B1A7E2F}.Release|Any CPU.Build.0 = Release|Any CPU
	EndGlobalSection
	GlobalSection(SolutionProperties) = preSolution
		HideSolutionNode = FALSE
	EndGlobalSection
	GlobalSection(NestedProjects) = preSolution
		{57E4B7DF-95AB-4380-8E89-B9F56B1A7E2F} = {D49BE6B3-473D-4E4D-883A-FF44FA2BD5EB}
	EndGlobalSection
EndGlobal
